
Microsoft Visual Studio Solution File, Format Version 12.00
# Visual Studio Version 16
VisualStudioVersion = 16.0.30711.63
MinimumVisualStudioVersion = 10.0.40219.1
Project("{FAE04EC0-301F-11D3-BF4B-00C04F79EFBC}") = "NUnitTestOdev", "NUnitTestOdev\NUnitTestOdev.csproj", "{9AA2FFB0-47B2-49C5-B199-A3A70BAB106E}"
EndProject
Project("{FAE04EC0-301F-11D3-BF4B-00C04F79EFBC}") = "NUnitTestOdev.Test", "NUnitTestOdev.Test\NUnitTestOdev.Test.csproj", "{396E2223-3F90-4345-AC28-03C2152A70DC}"
EndProject
Project("{FAE04EC0-301F-11D3-BF4B-00C04F79EFBC}") = "nnnn", "nnnn\nnnn.csproj", "{140AF3D9-DE0E-4D52-8689-5CB6F0041E75}"
EndProject
Global
	GlobalSection(SolutionConfigurationPlatforms) = preSolution
		Debug|Any CPU = Debug|Any CPU
		Release|Any CPU = Release|Any CPU
	EndGlobalSection
	GlobalSection(ProjectConfigurationPlatforms) = postSolution
		{9AA2FFB0-47B2-49C5-B199-A3A70BAB106E}.Debug|Any CPU.ActiveCfg = Debug|Any CPU
		{9AA2FFB0-47B2-49C5-B199-A3A70BAB106E}.Debug|Any CPU.Build.0 = Debug|Any CPU
		{9AA2FFB0-47B2-49C5-B199-A3A70BAB106E}.Release|Any CPU.ActiveCfg = Release|Any CPU
		{9AA2FFB0-47B2-49C5-B199-A3A70BAB106E}.Release|Any CPU.Build.0 = Release|Any CPU
		{396E2223-3F90-4345-AC28-03C2152A70DC}.Debug|Any CPU.ActiveCfg = Debug|Any CPU
		{396E2223-3F90-4345-AC28-03C2152A70DC}.Debug|Any CPU.Build.0 = Debug|Any CPU
		{396E2223-3F90-4345-AC28-03C2152A70DC}.Release|Any CPU.ActiveCfg = Release|Any CPU
		{396E2223-3F90-4345-AC28-03C2152A70DC}.Release|Any CPU.Build.0 = Release|Any CPU
		{140AF3D9-DE0E-4D52-8689-5CB6F0041E75}.Debug|Any CPU.ActiveCfg = Debug|Any CPU
		{140AF3D9-DE0E-4D52-8689-5CB6F0041E75}.Debug|Any CPU.Build.0 = Debug|Any CPU
		{140AF3D9-DE0E-4D52-8689-5CB6F0041E75}.Release|Any CPU.ActiveCfg = Release|Any CPU
		{140AF3D9-DE0E-4D52-8689-5CB6F0041E75}.Release|Any CPU.Build.0 = Release|Any CPU
	EndGlobalSection
	GlobalSection(SolutionProperties) = preSolution
		HideSolutionNode = FALSE
	EndGlobalSection
	GlobalSection(ExtensibilityGlobals) = postSolution
		SolutionGuid = {CC1B6178-5E9C-4E67-9CC8-6EBD8D6F2DB9}
	EndGlobalSection
EndGlobal
